
Microsoft Visual Studio Solution File, Format Version 11.00
# Visual Studio 2010
Project("{FAE04EC0-301F-11D3-BF4B-00C04F79EFBC}") = "DictionaryService", "DictionaryService\DictionaryService.csproj", "{C6393B01-108D-4288-9C4B-C91330517958}"
EndProject
Project("{FAE04EC0-301F-11D3-BF4B-00C04F79EFBC}") = "CustomBehavior", "Demo.CustomBehavior\CustomBehavior.csproj", "{061253C5-F9C1-4595-8254-FD1DBBF00006}"
EndProject
Project("{FAE04EC0-301F-11D3-BF4B-00C04F79EFBC}") = "Messaging", "SMS\Messaging.csproj", "{B82A8976-9066-4D60-AD45-FA5A6400551A}"
EndProject
Project("{FAE04EC0-301F-11D3-BF4B-00C04F79EFBC}") = "DictionaryClient", "DictionaryClient\DictionaryClient.csproj", "{8D9B4F9D-FEB6-4C21-9E46-76AE442D7508}"
EndProject
Project("{FAE04EC0-301F-11D3-BF4B-00C04F79EFBC}") = "GoogleClient", "GoogleClient\GoogleClient.csproj", "{80220B0C-2961-4F71-9C7F-4C0F0A81E6D2}"
EndProject
Project("{FAE04EC0-301F-11D3-BF4B-00C04F79EFBC}") = "WebProgrammingModel", "WebProgrammingModel\WebProgrammingModel.csproj", "{268C3B37-0E72-4F88-ACFA-B97750307013}"
EndProject
Project("{FAE04EC0-301F-11D3-BF4B-00C04F79EFBC}") = "SmtpTransport", "SmtpTransport\SmtpTransport.csproj", "{CF8F2BEA-49C5-4837-B12F-BCE020CE2789}"
EndProject
Project("{FAE04EC0-301F-11D3-BF4B-00C04F79EFBC}") = "XmppTransport", "XmppTransport\XmppTransport.csproj", "{F487C9C0-76FD-424F-BA28-59B6178EDA9F}"
EndProject
Project("{FAE04EC0-301F-11D3-BF4B-00C04F79EFBC}") = "GetScreen", "GetScreen\GetScreen.csproj", "{C4C13CC7-7151-4F87-8202-6415BF4FB9C9}"
EndProject
Project("{FAE04EC0-301F-11D3-BF4B-00C04F79EFBC}") = "DemoCredentials", "DemoCredentials\DemoCredentials.csproj", "{682AD3D5-B7F9-46DC-8D51-66FA768D0054}"
EndProject
Global
	GlobalSection(SolutionConfigurationPlatforms) = preSolution
		Debug|Any CPU = Debug|Any CPU
		Release|Any CPU = Release|Any CPU
	EndGlobalSection
	GlobalSection(ProjectConfigurationPlatforms) = postSolution
		{C6393B01-108D-4288-9C4B-C91330517958}.Debug|Any CPU.ActiveCfg = Debug|Any CPU
		{C6393B01-108D-4288-9C4B-C91330517958}.Debug|Any CPU.Build.0 = Debug|Any CPU
		{C6393B01-108D-4288-9C4B-C91330517958}.Release|Any CPU.ActiveCfg = Release|Any CPU
		{C6393B01-108D-4288-9C4B-C91330517958}.Release|Any CPU.Build.0 = Release|Any CPU
		{061253C5-F9C1-4595-8254-FD1DBBF00006}.Debug|Any CPU.ActiveCfg = Debug|Any CPU
		{061253C5-F9C1-4595-8254-FD1DBBF00006}.Debug|Any CPU.Build.0 = Debug|Any CPU
		{061253C5-F9C1-4595-8254-FD1DBBF00006}.Release|Any CPU.ActiveCfg = Release|Any CPU
		{061253C5-F9C1-4595-8254-FD1DBBF00006}.Release|Any CPU.Build.0 = Release|Any CPU
		{B82A8976-9066-4D60-AD45-FA5A6400551A}.Debug|Any CPU.ActiveCfg = Debug|Any CPU
		{B82A8976-9066-4D60-AD45-FA5A6400551A}.Debug|Any CPU.Build.0 = Debug|Any CPU
		{B82A8976-9066-4D60-AD45-FA5A6400551A}.Release|Any CPU.ActiveCfg = Release|Any CPU
		{B82A8976-9066-4D60-AD45-FA5A6400551A}.Release|Any CPU.Build.0 = Release|Any CPU
		{8D9B4F9D-FEB6-4C21-9E46-76AE442D7508}.Debug|Any CPU.ActiveCfg = Debug|Any CPU
		{8D9B4F9D-FEB6-4C21-9E46-76AE442D7508}.Debug|Any CPU.Build.0 = Debug|Any CPU
		{8D9B4F9D-FEB6-4C21-9E46-76AE442D7508}.Release|Any CPU.ActiveCfg = Release|Any CPU
		{8D9B4F9D-FEB6-4C21-9E46-76AE442D7508}.Release|Any CPU.Build.0 = Release|Any CPU
		{80220B0C-2961-4F71-9C7F-4C0F0A81E6D2}.Debug|Any CPU.ActiveCfg = Debug|Any CPU
		{80220B0C-2961-4F71-9C7F-4C0F0A81E6D2}.Debug|Any CPU.Build.0 = Debug|Any CPU
		{80220B0C-2961-4F71-9C7F-4C0F0A81E6D2}.Release|Any CPU.ActiveCfg = Release|Any CPU
		{80220B0C-2961-4F71-9C7F-4C0F0A81E6D2}.Release|Any CPU.Build.0 = Release|Any CPU
		{268C3B37-0E72-4F88-ACFA-B97750307013}.Debug|Any CPU.ActiveCfg = Debug|Any CPU
		{268C3B37-0E72-4F88-ACFA-B97750307013}.Debug|Any CPU.Build.0 = Debug|Any CPU
		{268C3B37-0E72-4F88-ACFA-B97750307013}.Release|Any CPU.ActiveCfg = Release|Any CPU
		{268C3B37-0E72-4F88-ACFA-B97750307013}.Release|Any CPU.Build.0 = Release|Any CPU
		{CF8F2BEA-49C5-4837-B12F-BCE020CE2789}.Debug|Any CPU.ActiveCfg = Debug|Any CPU
		{CF8F2BEA-49C5-4837-B12F-BCE020CE2789}.Debug|Any CPU.Build.0 = Debug|Any CPU
		{CF8F2BEA-49C5-4837-B12F-BCE020CE2789}.Release|Any CPU.ActiveCfg = Release|Any CPU
		{CF8F2BEA-49C5-4837-B12F-BCE020CE2789}.Release|Any CPU.Build.0 = Release|Any CPU
		{F487C9C0-76FD-424F-BA28-59B6178EDA9F}.Debug|Any CPU.ActiveCfg = Debug|Any CPU
		{F487C9C0-76FD-424F-BA28-59B6178EDA9F}.Debug|Any CPU.Build.0 = Debug|Any CPU
		{F487C9C0-76FD-424F-BA28-59B6178EDA9F}.Release|Any CPU.ActiveCfg = Release|Any CPU
		{F487C9C0-76FD-424F-BA28-59B6178EDA9F}.Release|Any CPU.Build.0 = Release|Any CPU
		{C4C13CC7-7151-4F87-8202-6415BF4FB9C9}.Debug|Any CPU.ActiveCfg = Debug|Any CPU
		{C4C13CC7-7151-4F87-8202-6415BF4FB9C9}.Debug|Any CPU.Build.0 = Debug|Any CPU
		{C4C13CC7-7151-4F87-8202-6415BF4FB9C9}.Release|Any CPU.ActiveCfg = Release|Any CPU
		{C4C13CC7-7151-4F87-8202-6415BF4FB9C9}.Release|Any CPU.Build.0 = Release|Any CPU
		{682AD3D5-B7F9-46DC-8D51-66FA768D0054}.Debug|Any CPU.ActiveCfg = Debug|Any CPU
		{682AD3D5-B7F9-46DC-8D51-66FA768D0054}.Debug|Any CPU.Build.0 = Debug|Any CPU
		{682AD3D5-B7F9-46DC-8D51-66FA768D0054}.Release|Any CPU.ActiveCfg = Release|Any CPU
		{682AD3D5-B7F9-46DC-8D51-66FA768D0054}.Release|Any CPU.Build.0 = Release|Any CPU
	EndGlobalSection
	GlobalSection(SolutionProperties) = preSolution
		HideSolutionNode = FALSE
	EndGlobalSection
EndGlobal
