
Microsoft Visual Studio Solution File, Format Version 10.00
# Visual Studio 2008
Project("{FAE04EC0-301F-11D3-BF4B-00C04F79EFBC}") = "Contract", "Contract\Contract.csproj", "{D8BA8D86-2CFA-4097-92BA-248128F024FC}"
EndProject
Project("{FAE04EC0-301F-11D3-BF4B-00C04F79EFBC}") = "ExtendingProxySender", "ExtendingProxySender\ExtendingProxySender.csproj", "{F1E9ED5D-6344-41D7-85DC-86A6B63F504A}"
EndProject
Project("{FAE04EC0-301F-11D3-BF4B-00C04F79EFBC}") = "Extensions", "Extensions\Extensions.csproj", "{93DD5BB3-4C01-4B99-8E5B-D98DC4D5D684}"
EndProject
Project("{FAE04EC0-301F-11D3-BF4B-00C04F79EFBC}") = "ExtendingDispatcherReceiver", "ExtendingDispatcherReceiver\ExtendingDispatcherReceiver.csproj", "{1708B087-48DF-4007-9AA1-7366C0FB79FE}"
EndProject
Global
	GlobalSection(SolutionConfigurationPlatforms) = preSolution
		Debug|Any CPU = Debug|Any CPU
		Release|Any CPU = Release|Any CPU
	EndGlobalSection
	GlobalSection(ProjectConfigurationPlatforms) = postSolution
		{D8BA8D86-2CFA-4097-92BA-248128F024FC}.Debug|Any CPU.ActiveCfg = Debug|Any CPU
		{D8BA8D86-2CFA-4097-92BA-248128F024FC}.Debug|Any CPU.Build.0 = Debug|Any CPU
		{D8BA8D86-2CFA-4097-92BA-248128F024FC}.Release|Any CPU.ActiveCfg = Release|Any CPU
		{D8BA8D86-2CFA-4097-92BA-248128F024FC}.Release|Any CPU.Build.0 = Release|Any CPU
		{F1E9ED5D-6344-41D7-85DC-86A6B63F504A}.Debug|Any CPU.ActiveCfg = Debug|Any CPU
		{F1E9ED5D-6344-41D7-85DC-86A6B63F504A}.Debug|Any CPU.Build.0 = Debug|Any CPU
		{F1E9ED5D-6344-41D7-85DC-86A6B63F504A}.Release|Any CPU.ActiveCfg = Release|Any CPU
		{F1E9ED5D-6344-41D7-85DC-86A6B63F504A}.Release|Any CPU.Build.0 = Release|Any CPU
		{93DD5BB3-4C01-4B99-8E5B-D98DC4D5D684}.Debug|Any CPU.ActiveCfg = Debug|Any CPU
		{93DD5BB3-4C01-4B99-8E5B-D98DC4D5D684}.Debug|Any CPU.Build.0 = Debug|Any CPU
		{93DD5BB3-4C01-4B99-8E5B-D98DC4D5D684}.Release|Any CPU.ActiveCfg = Release|Any CPU
		{93DD5BB3-4C01-4B99-8E5B-D98DC4D5D684}.Release|Any CPU.Build.0 = Release|Any CPU
		{1708B087-48DF-4007-9AA1-7366C0FB79FE}.Debug|Any CPU.ActiveCfg = Debug|Any CPU
		{1708B087-48DF-4007-9AA1-7366C0FB79FE}.Debug|Any CPU.Build.0 = Debug|Any CPU
		{1708B087-48DF-4007-9AA1-7366C0FB79FE}.Release|Any CPU.ActiveCfg = Release|Any CPU
		{1708B087-48DF-4007-9AA1-7366C0FB79FE}.Release|Any CPU.Build.0 = Release|Any CPU
	EndGlobalSection
	GlobalSection(SolutionProperties) = preSolution
		HideSolutionNode = FALSE
	EndGlobalSection
EndGlobal
