
Microsoft Visual Studio Solution File, Format Version 10.00
# Visual Studio 2008
Project("{FAE04EC0-301F-11D3-BF4B-00C04F79EFBC}") = "XmppTransport", "XmppTransport.csproj", "{F487C9C0-76FD-424F-BA28-59B6178EDA9F}"
EndProject
Project("{FAE04EC0-301F-11D3-BF4B-00C04F79EFBC}") = "SmtpTransport", "..\SmtpTransport\SmtpTransport.csproj", "{CF8F2BEA-49C5-4837-B12F-BCE020CE2789}"
EndProject
Project("{FAE04EC0-301F-11D3-BF4B-00C04F79EFBC}") = "Demo.CustomBinding", "..\Demo.CustomBinding\Demo.CustomBinding.csproj", "{5A7F33B8-9819-4958-96CB-C88F9079F81E}"
EndProject
Project("{FAE04EC0-301F-11D3-BF4B-00C04F79EFBC}") = "Demo.CustomBehavior", "..\Demo.CustomBehavior\Demo.CustomBehavior.csproj", "{061253C5-F9C1-4595-8254-FD1DBBF00006}"
EndProject
Global
	GlobalSection(SolutionConfigurationPlatforms) = preSolution
		Debug|Any CPU = Debug|Any CPU
		Release|Any CPU = Release|Any CPU
	EndGlobalSection
	GlobalSection(ProjectConfigurationPlatforms) = postSolution
		{F487C9C0-76FD-424F-BA28-59B6178EDA9F}.Debug|Any CPU.ActiveCfg = Debug|Any CPU
		{F487C9C0-76FD-424F-BA28-59B6178EDA9F}.Debug|Any CPU.Build.0 = Debug|Any CPU
		{F487C9C0-76FD-424F-BA28-59B6178EDA9F}.Release|Any CPU.ActiveCfg = Release|Any CPU
		{F487C9C0-76FD-424F-BA28-59B6178EDA9F}.Release|Any CPU.Build.0 = Release|Any CPU
		{CF8F2BEA-49C5-4837-B12F-BCE020CE2789}.Debug|Any CPU.ActiveCfg = Debug|Any CPU
		{CF8F2BEA-49C5-4837-B12F-BCE020CE2789}.Debug|Any CPU.Build.0 = Debug|Any CPU
		{CF8F2BEA-49C5-4837-B12F-BCE020CE2789}.Release|Any CPU.ActiveCfg = Release|Any CPU
		{CF8F2BEA-49C5-4837-B12F-BCE020CE2789}.Release|Any CPU.Build.0 = Release|Any CPU
		{5A7F33B8-9819-4958-96CB-C88F9079F81E}.Debug|Any CPU.ActiveCfg = Debug|Any CPU
		{5A7F33B8-9819-4958-96CB-C88F9079F81E}.Debug|Any CPU.Build.0 = Debug|Any CPU
		{5A7F33B8-9819-4958-96CB-C88F9079F81E}.Release|Any CPU.ActiveCfg = Release|Any CPU
		{5A7F33B8-9819-4958-96CB-C88F9079F81E}.Release|Any CPU.Build.0 = Release|Any CPU
		{061253C5-F9C1-4595-8254-FD1DBBF00006}.Debug|Any CPU.ActiveCfg = Debug|Any CPU
		{061253C5-F9C1-4595-8254-FD1DBBF00006}.Debug|Any CPU.Build.0 = Debug|Any CPU
		{061253C5-F9C1-4595-8254-FD1DBBF00006}.Release|Any CPU.ActiveCfg = Release|Any CPU
		{061253C5-F9C1-4595-8254-FD1DBBF00006}.Release|Any CPU.Build.0 = Release|Any CPU
	EndGlobalSection
	GlobalSection(SolutionProperties) = preSolution
		HideSolutionNode = FALSE
	EndGlobalSection
EndGlobal
